
Microsoft Visual Studio Solution File, Format Version 12.00
# Visual Studio Version 17
VisualStudioVersion = 17.9.34728.123
MinimumVisualStudioVersion = 10.0.40219.1
Project("{9A19103F-16F7-4668-BE54-9A1E7A4F7556}") = "API", "API.csproj", "{D8328425-7DBA-4FD2-ACA6-2E476D2B3183}"
EndProject
Project("{FAE04EC0-301F-11D3-BF4B-00C04F79EFBC}") = "WordUploader", "..\WordUploader\WordUploader.csproj", "{0B9535BE-8B8D-4310-962F-49D6D5A40FA1}"
EndProject
Global
	GlobalSection(SolutionConfigurationPlatforms) = preSolution
		Debug|Any CPU = Debug|Any CPU
		Release|Any CPU = Release|Any CPU
	EndGlobalSection
	GlobalSection(ProjectConfigurationPlatforms) = postSolution
		{D8328425-7DBA-4FD2-ACA6-2E476D2B3183}.Debug|Any CPU.ActiveCfg = Debug|Any CPU
		{D8328425-7DBA-4FD2-ACA6-2E476D2B3183}.Debug|Any CPU.Build.0 = Debug|Any CPU
		{D8328425-7DBA-4FD2-ACA6-2E476D2B3183}.Release|Any CPU.ActiveCfg = Release|Any CPU
		{D8328425-7DBA-4FD2-ACA6-2E476D2B3183}.Release|Any CPU.Build.0 = Release|Any CPU
		{0B9535BE-8B8D-4310-962F-49D6D5A40FA1}.Debug|Any CPU.ActiveCfg = Debug|Any CPU
		{0B9535BE-8B8D-4310-962F-49D6D5A40FA1}.Debug|Any CPU.Build.0 = Debug|Any CPU
		{0B9535BE-8B8D-4310-962F-49D6D5A40FA1}.Release|Any CPU.ActiveCfg = Release|Any CPU
		{0B9535BE-8B8D-4310-962F-49D6D5A40FA1}.Release|Any CPU.Build.0 = Release|Any CPU
	EndGlobalSection
	GlobalSection(SolutionProperties) = preSolution
		HideSolutionNode = FALSE
	EndGlobalSection
	GlobalSection(ExtensibilityGlobals) = postSolution
		SolutionGuid = {103A6ECF-9274-4F3C-AB13-2F8AD9EA458C}
	EndGlobalSection
EndGlobal
